
Microsoft Visual Studio Solution File, Format Version 12.00
# Visual Studio Version 17
VisualStudioVersion = 17.13.35931.197 d17.13
MinimumVisualStudioVersion = 10.0.40219.1
Project("{FAE04EC0-301F-11D3-BF4B-00C04F79EFBC}") = "WebApplication1", "WebApplication1\WebApplication1.csproj", "{B9ACBD35-EC13-4BA2-8982-14DACCBA3A61}"
EndProject
Global
	GlobalSection(SolutionConfigurationPlatforms) = preSolution
		Debug|Any CPU = Debug|Any CPU
		Release|Any CPU = Release|Any CPU
	EndGlobalSection
	GlobalSection(ProjectConfigurationPlatforms) = postSolution
		{B9ACBD35-EC13-4BA2-8982-14DACCBA3A61}.Debug|Any CPU.ActiveCfg = Debug|Any CPU
		{B9ACBD35-EC13-4BA2-8982-14DACCBA3A61}.Debug|Any CPU.Build.0 = Debug|Any CPU
		{B9ACBD35-EC13-4BA2-8982-14DACCBA3A61}.Release|Any CPU.ActiveCfg = Release|Any CPU
		{B9ACBD35-EC13-4BA2-8982-14DACCBA3A61}.Release|Any CPU.Build.0 = Release|Any CPU
	EndGlobalSection
	GlobalSection(SolutionProperties) = preSolution
		HideSolutionNode = FALSE
	EndGlobalSection
	GlobalSection(ExtensibilityGlobals) = postSolution
		SolutionGuid = {C92A5DE3-62C4-4484-ACF6-3F688A31B029}
	EndGlobalSection
EndGlobal
